
Microsoft Visual Studio Solution File, Format Version 12.00
# Visual Studio Version 17
VisualStudioVersion = 17.12.35309.182
MinimumVisualStudioVersion = 10.0.40219.1
Project("{FAE04EC0-301F-11D3-BF4B-00C04F79EFBC}") = "Фибоначчи_рекурсия", "Фибоначчи_рекурсия\Фибоначчи_рекурсия.csproj", "{4C8AA690-4FE1-4719-96E6-BAECF1C7B39C}"
EndProject
Global
	GlobalSection(SolutionConfigurationPlatforms) = preSolution
		Debug|Any CPU = Debug|Any CPU
		Release|Any CPU = Release|Any CPU
	EndGlobalSection
	GlobalSection(ProjectConfigurationPlatforms) = postSolution
		{4C8AA690-4FE1-4719-96E6-BAECF1C7B39C}.Debug|Any CPU.ActiveCfg = Debug|Any CPU
		{4C8AA690-4FE1-4719-96E6-BAECF1C7B39C}.Debug|Any CPU.Build.0 = Debug|Any CPU
		{4C8AA690-4FE1-4719-96E6-BAECF1C7B39C}.Release|Any CPU.ActiveCfg = Release|Any CPU
		{4C8AA690-4FE1-4719-96E6-BAECF1C7B39C}.Release|Any CPU.Build.0 = Release|Any CPU
	EndGlobalSection
	GlobalSection(SolutionProperties) = preSolution
		HideSolutionNode = FALSE
	EndGlobalSection
	GlobalSection(ExtensibilityGlobals) = postSolution
		SolutionGuid = {E8152A0E-3C2E-4EC4-97C4-353F94765B90}
	EndGlobalSection
EndGlobal
